lockfileVersion: '6.0'

settings:
  autoInstallPeers: true
  excludeLinksFromLockfile: false

dependencies:
  context-eval:
    specifier: ^0.1.0
    version: 0.1.0
  hyperjsx:
    specifier: ^1.0.12
    version: 1.0.12
  luxon:
    specifier: ^2.3.0
    version: 2.5.2
  mdast-util-mdx:
    specifier: ^1.1.0
    version: 1.1.0
  micromark-extension-mdx:
    specifier: ^1.0.0
    version: 1.0.1
  prettier:
    specifier: ^2.5.1
    version: 2.8.8
  remark-comment:
    specifier: ^1.0.0
    version: 1.0.0
  remark-frontmatter:
    specifier: ^4.0.1
    version: 4.0.1
  remark-gfm:
    specifier: ^3.0.1
    version: 3.0.1
  remark-parse:
    specifier: ^10.0.1
    version: 10.0.2
  retext:
    specifier: ^8.1.0
    version: 8.1.0
  retext-smartypants:
    specifier: ^5.1.0
    version: 5.2.0
  shiki:
    specifier: ^0.10.0
    version: 0.10.1
  unified:
    specifier: ^10.1.1
    version: 10.1.2
  yaml:
    specifier: ^1.10.2
    version: 1.10.2

packages:

  /@types/acorn@4.0.6:
    resolution: {integrity: sha512-veQTnWP+1D/xbxVrPC3zHnCZRjSrKfhbMUlEA43iMZLu7EsnTtkJklIuwrCPbOi8YkvDQAiW05VQQFvvz9oieQ==}
    dependencies:
      '@types/estree': 1.0.3
    dev: false

  /@types/debug@4.1.10:
    resolution: {integrity: sha512-tOSCru6s732pofZ+sMv9o4o3Zc+Sa8l3bxd/tweTQudFn06vAzb13ZX46Zi6m6EJ+RUbRTHvgQJ1gBtSgkaUYA==}
    dependencies:
      '@types/ms': 0.7.33
    dev: false

  /@types/estree-jsx@0.0.1:
    resolution: {integrity: sha512-gcLAYiMfQklDCPjQegGn0TBAn9it05ISEsEhlKQUddIk7o2XDokOcTN7HBO8tznM0D9dGezvHEfRZBfZf6me0A==}
    dependencies:
      '@types/estree': 1.0.3
    dev: false

  /@types/estree-jsx@1.0.2:
    resolution: {integrity: sha512-GNBWlGBMjiiiL5TSkvPtOteuXsiVitw5MYGY1UYlrAq0SKyczsls6sCD7TZ8fsjRsvCVxml7EbyjJezPb3DrSA==}
    dependencies:
      '@types/estree': 1.0.3
    dev: false

  /@types/estree@1.0.3:
    resolution: {integrity: sha512-CS2rOaoQ/eAgAfcTfq6amKG7bsN+EMcgGY4FAFQdvSj2y1ixvOZTUA9mOtCai7E1SYu283XNw7urKK30nP3wkQ==}
    dev: false

  /@types/hast@2.3.7:
    resolution: {integrity: sha512-EVLigw5zInURhzfXUM65eixfadfsHKomGKUakToXo84t8gGIJuTcD2xooM2See7GyQ7DRtYjhCHnSUQez8JaLw==}
    dependencies:
      '@types/unist': 2.0.9
    dev: false

  /@types/mdast@3.0.14:
    resolution: {integrity: sha512-gVZ04PGgw1qLZKsnWnyFv4ORnaJ+DXLdHTVSFbU8yX6xZ34Bjg4Q32yPkmveUP1yItXReKfB0Aknlh/3zxTKAw==}
    dependencies:
      '@types/unist': 2.0.9
    dev: false

  /@types/ms@0.7.33:
    resolution: {integrity: sha512-AuHIyzR5Hea7ij0P9q7vx7xu4z0C28ucwjAZC0ja7JhINyCnOw8/DnvAPQQ9TfOlCtZAmCERKQX9+o1mgQhuOQ==}
    dev: false

  /@types/nlcst@1.0.3:
    resolution: {integrity: sha512-cpO6PPMz4E++zxP2Vhp/3KVl2Nbtj+Iksb25rlRinG7mphu2zmCIKWWlqdsx1NwJEISogR2eeZTD7JqLOCzaiw==}
    dependencies:
      '@types/unist': 2.0.9
    dev: false

  /@types/unist@2.0.9:
    resolution: {integrity: sha512-zC0iXxAv1C1ERURduJueYzkzZ2zaGyc+P2c95hgkikHPr3z8EdUZOlgEQ5X0DRmwDZn+hekycQnoeiiRVrmilQ==}
    dev: false

  /array-iterate@2.0.1:
    resolution: {integrity: sha512-I1jXZMjAgCMmxT4qxXfPXa6SthSoE8h6gkSI9BGGNv8mP8G/v0blc+qFnZu6K42vTOiuME596QaLO0TP3Lk0xg==}
    dev: false

  /bail@2.0.2:
    resolution: {integrity: sha512-0xO6mYd7JB2YesxDKplafRpsiOzPt9V02ddPCLbY1xYGPOX24NTyN50qnUxgCPcSoYMhKpAuBTjQoRZCAkUDRw==}
    dev: false

  /ccount@2.0.1:
    resolution: {integrity: sha512-eyrF0jiFpY+3drT6383f1qhkbGsLSifNAjA61IUjZjmLCWjItY6LB9ft9YhoDgwfmclB2zhu51Lc7+95b8NRAg==}
    dev: false

  /character-entities-html4@2.1.0:
    resolution: {integrity: sha512-1v7fgQRj6hnSwFpq1Eu0ynr/CDEw0rXo2B61qXrLNdHZmPKgb7fqS1a2JwF0rISo9q77jDI8VMEHoApn8qDoZA==}
    dev: false

  /character-entities-legacy@3.0.0:
    resolution: {integrity: sha512-RpPp0asT/6ufRm//AJVwpViZbGM/MkjQFxJccQRHmISF/22NBtsHqAWmL+/pmkPWoIUJdWyeVleTl1wydHATVQ==}
    dev: false

  /character-entities@2.0.2:
    resolution: {integrity: sha512-shx7oQ0Awen/BRIdkjkvz54PnEEI/EjwXDSIZp86/KKdbafHh1Df/RYGBhn4hbe2+uKC9FnT5UCEdyPz3ai9hQ==}
    dev: false

  /character-reference-invalid@2.0.1:
    resolution: {integrity: sha512-iBZ4F4wRbyORVsu0jPV7gXkOsGYjGHPmAyv+HiHG8gi5PtC9KI2j1+v8/tlibRvjoWX027ypmG/n0HtO5t7unw==}
    dev: false

  /context-eval@0.1.0:
    resolution: {integrity: sha512-KT2jIYLiE3Q5m9meaKFyhHzTomPdpsW1UokoPEFHvTup/UTnkSeia32tl6y6BmrO1yztWQp+8vKgrI7BIahX4w==}
    dev: false

  /debug@4.3.4:
    resolution: {integrity: sha512-PRWFHuSU3eDtQJPvnNY7Jcket1j0t5OuOsFzPPzsekD52Zl8qUfFIPEiswXqIvHWGVHOgX+7G/vCNNhehwxfkQ==}
    engines: {node: '>=6.0'}
    peerDependencies:
      supports-color: '*'
    peerDependenciesMeta:
      supports-color:
        optional: true
    dependencies:
      ms: 2.1.2
    dev: false

  /decode-named-character-reference@1.0.2:
    resolution: {integrity: sha512-O8x12RzrUF8xyVcY0KJowWsmaJxQbmy0/EtnNtHRpsOcT7dFk5W598coHqBVpmWo1oQQfsCqfCmkZN5DJrZVdg==}
    dependencies:
      character-entities: 2.0.2
    dev: false

  /dequal@2.0.3:
    resolution: {integrity: sha512-0je+qPKHEMohvfRTCEo3CrPG6cAzAYgmzKyxRiYSSDkS6eGJdyVJm7WaYA5ECaAD9wLB2T4EEeymA5aFVcYXCA==}
    engines: {node: '>=6'}
    dev: false

  /diff@5.1.0:
    resolution: {integrity: sha512-D+mk+qE8VC/PAUrlAU34N+VfXev0ghe5ywmpqrawphmVZc1bEfn56uo9qpyGp1p4xpzOHkSW4ztBd6L7Xx4ACw==}
    engines: {node: '>=0.3.1'}
    dev: false

  /escape-string-regexp@5.0.0:
    resolution: {integrity: sha512-/veY75JbMK4j1yjvuUxuVsiS/hr/4iHs9FTT6cgTexxdE0Ly/glccBAkloH/DofkjRbZU3bnoj38mOmhkZ0lHw==}
    engines: {node: '>=12'}
    dev: false

  /estree-util-is-identifier-name@2.1.0:
    resolution: {integrity: sha512-bEN9VHRyXAUOjkKVQVvArFym08BTWB0aJPppZZr0UNyAqWsLaVfAqP7hbaTJjzHifmB5ebnR8Wm7r7yGN/HonQ==}
    dev: false

  /estree-util-visit@1.2.1:
    resolution: {integrity: sha512-xbgqcrkIVbIG+lI/gzbvd9SGTJL4zqJKBFttUl5pP27KhAjtMKbX/mQXJ7qgyXpMgVy/zvpm0xoQQaGL8OloOw==}
    dependencies:
      '@types/estree-jsx': 1.0.2
      '@types/unist': 2.0.9
    dev: false

  /extend@3.0.2:
    resolution: {integrity: sha512-fjquC59cD7CyW6urNXK0FBufkZcoiGG80wTuPujX590cB5Ttln20E2UB4S/WARVqhXffZl2LNgS+gQdPIIim/g==}
    dev: false

  /fault@2.0.1:
    resolution: {integrity: sha512-WtySTkS4OKev5JtpHXnib4Gxiurzh5NCGvWrFaZ34m6JehfTUhKZvn9njTfw48t6JumVQOmrKqpmGcdwxnhqBQ==}
    dependencies:
      format: 0.2.2
    dev: false

  /format@0.2.2:
    resolution: {integrity: sha512-wzsgA6WOq+09wrU1tsJ09udeR/YZRaeArL9e1wPbFg3GG2yDnC2ldKpxs4xunpFF9DgqCqOIra3bc1HWrJ37Ww==}
    engines: {node: '>=0.4.x'}
    dev: false

  /hyperjsx@1.0.12:
    resolution: {integrity: sha512-1ysBHpRXWw81eYeVHVKDYDrVVoNdagy1UzNUXU7VfkHiQkMeiX/Q9kMKrj60KAxzOhQ2FwAMVCWMjNvsIP3nuw==}
    dev: false

  /is-alphabetical@2.0.1:
    resolution: {integrity: sha512-FWyyY60MeTNyeSRpkM2Iry0G9hpr7/9kD40mD/cGQEuilcZYS4okz8SN2Q6rLCJ8gbCt6fN+rC+6tMGS99LaxQ==}
    dev: false

  /is-alphanumerical@2.0.1:
    resolution: {integrity: sha512-hmbYhX/9MUMF5uh7tOXyK/n0ZvWpad5caBA17GsC6vyuCqaWliRG5K1qS9inmUhEMaOBIW7/whAnSwveW/LtZw==}
    dependencies:
      is-alphabetical: 2.0.1
      is-decimal: 2.0.1
    dev: false

  /is-buffer@2.0.5:
    resolution: {integrity: sha512-i2R6zNFDwgEHJyQUtJEk0XFi1i0dPFn/oqjK3/vPCcDeJvW5NQ83V8QbicfF1SupOaB0h8ntgBC2YiE7dfyctQ==}
    engines: {node: '>=4'}
    dev: false

  /is-decimal@2.0.1:
    resolution: {integrity: sha512-AAB9hiomQs5DXWcRB1rqsxGUstbRroFOPPVAomNk/3XHR5JyEZChOyTWe2oayKnsSsr/kcGqF+z6yuH6HHpN0A==}
    dev: false

  /is-hexadecimal@2.0.1:
    resolution: {integrity: sha512-DgZQp241c8oO6cA1SbTEWiXeoxV42vlcJxgH+B3hi1AiqqKruZR3ZGF8In3fj4+/y/7rHvlOZLZtgJ/4ttYGZg==}
    dev: false

  /is-plain-obj@4.1.0:
    resolution: {integrity: sha512-+Pgi+vMuUNkJyExiMBt5IlFoMyKnr5zhJ4Uspz58WOhBF5QoIZkFyNHIbBAtHwzVAgk5RtndVNsDRN61/mmDqg==}
    engines: {node: '>=12'}
    dev: false

  /jsonc-parser@3.2.0:
    resolution: {integrity: sha512-gfFQZrcTc8CnKXp6Y4/CBT3fTc0OVuDofpre4aEeEpSBPV5X5v4+Vmx+8snU7RLPrNHPKSgLxGo9YuQzz20o+w==}
    dev: false

  /kleur@4.1.5:
    resolution: {integrity: sha512-o+NO+8WrRiQEE4/7nwRJhN1HWpVmJm511pBHUxPLtp0BUISzlBplORYSmTclCnJvQq2tKu/sgl3xVpkc7ZWuQQ==}
    engines: {node: '>=6'}
    dev: false

  /longest-streak@3.1.0:
    resolution: {integrity: sha512-9Ri+o0JYgehTaVBBDoMqIl8GXtbWg711O3srftcHhZ0dqnETqLaoIK0x17fUw9rFSlK/0NlsKe0Ahhyl5pXE2g==}
    dev: false

  /luxon@2.5.2:
    resolution: {integrity: sha512-Yg7/RDp4nedqmLgyH0LwgGRvMEKVzKbUdkBYyCosbHgJ+kaOUx0qzSiSatVc3DFygnirTPYnMM2P5dg2uH1WvA==}
    engines: {node: '>=12'}
    dev: false

  /markdown-table@3.0.3:
    resolution: {integrity: sha512-Z1NL3Tb1M9wH4XESsCDEksWoKTdlUafKc4pt0GRwjUyXaCFZ+dc3g2erqB6zm3szA2IUSi7VnPI+o/9jnxh9hw==}
    dev: false

  /mdast-util-find-and-replace@2.2.2:
    resolution: {integrity: sha512-MTtdFRz/eMDHXzeK6W3dO7mXUlF82Gom4y0oOgvHhh/HXZAGvIQDUvQ0SuUx+j2tv44b8xTHOm8K/9OoRFnXKw==}
    dependencies:
      '@types/mdast': 3.0.14
      escape-string-regexp: 5.0.0
      unist-util-is: 5.2.1
      unist-util-visit-parents: 5.1.3
    dev: false

  /mdast-util-from-markdown@1.3.1:
    resolution: {integrity: sha512-4xTO/M8c82qBcnQc1tgpNtubGUW/Y1tBQ1B0i5CtSoelOLKFYlElIr3bvgREYYO5iRqbMY1YuqZng0GVOI8Qww==}
    dependencies:
      '@types/mdast': 3.0.14
      '@types/unist': 2.0.9
      decode-named-character-reference: 1.0.2
      mdast-util-to-string: 3.2.0
      micromark: 3.2.0
      micromark-util-decode-numeric-character-reference: 1.1.0
      micromark-util-decode-string: 1.1.0
      micromark-util-normalize-identifier: 1.1.0
      micromark-util-symbol: 1.1.0
      micromark-util-types: 1.1.0
      unist-util-stringify-position: 3.0.3
      uvu: 0.5.6
    transitivePeerDependencies:
      - supports-color
    dev: false

  /mdast-util-frontmatter@1.0.1:
    resolution: {integrity: sha512-JjA2OjxRqAa8wEG8hloD0uTU0kdn8kbtOWpPP94NBkfAlbxn4S8gCGf/9DwFtEeGPXrDcNXdiDjVaRdUFqYokw==}
    dependencies:
      '@types/mdast': 3.0.14
      mdast-util-to-markdown: 1.5.0
      micromark-extension-frontmatter: 1.1.1
    dev: false

  /mdast-util-gfm-autolink-literal@1.0.3:
    resolution: {integrity: sha512-My8KJ57FYEy2W2LyNom4n3E7hKTuQk/0SES0u16tjA9Z3oFkF4RrC/hPAPgjlSpezsOvI8ObcXcElo92wn5IGA==}
    dependencies:
      '@types/mdast': 3.0.14
      ccount: 2.0.1
      mdast-util-find-and-replace: 2.2.2
      micromark-util-character: 1.2.0
    dev: false

  /mdast-util-gfm-footnote@1.0.2:
    resolution: {integrity: sha512-56D19KOGbE00uKVj3sgIykpwKL179QsVFwx/DCW0u/0+URsryacI4MAdNJl0dh+u2PSsD9FtxPFbHCzJ78qJFQ==}
    dependencies:
      '@types/mdast': 3.0.14
      mdast-util-to-markdown: 1.5.0
      micromark-util-normalize-identifier: 1.1.0
    dev: false

  /mdast-util-gfm-strikethrough@1.0.3:
    resolution: {integrity: sha512-DAPhYzTYrRcXdMjUtUjKvW9z/FNAMTdU0ORyMcbmkwYNbKocDpdk+PX1L1dQgOID/+vVs1uBQ7ElrBQfZ0cuiQ==}
    dependencies:
      '@types/mdast': 3.0.14
      mdast-util-to-markdown: 1.5.0
    dev: false

  /mdast-util-gfm-table@1.0.7:
    resolution: {integrity: sha512-jjcpmNnQvrmN5Vx7y7lEc2iIOEytYv7rTvu+MeyAsSHTASGCCRA79Igg2uKssgOs1i1po8s3plW0sTu1wkkLGg==}
    dependencies:
      '@types/mdast': 3.0.14
      markdown-table: 3.0.3
      mdast-util-from-markdown: 1.3.1
      mdast-util-to-markdown: 1.5.0
    transitivePeerDependencies:
      - supports-color
    dev: false

  /mdast-util-gfm-task-list-item@1.0.2:
    resolution: {integrity: sha512-PFTA1gzfp1B1UaiJVyhJZA1rm0+Tzn690frc/L8vNX1Jop4STZgOE6bxUhnzdVSB+vm2GU1tIsuQcA9bxTQpMQ==}
    dependencies:
      '@types/mdast': 3.0.14
      mdast-util-to-markdown: 1.5.0
    dev: false

  /mdast-util-gfm@2.0.2:
    resolution: {integrity: sha512-qvZ608nBppZ4icQlhQQIAdc6S3Ffj9RGmzwUKUWuEICFnd1LVkN3EktF7ZHAgfcEdvZB5owU9tQgt99e2TlLjg==}
    dependencies:
      mdast-util-from-markdown: 1.3.1
      mdast-util-gfm-autolink-literal: 1.0.3
      mdast-util-gfm-footnote: 1.0.2
      mdast-util-gfm-strikethrough: 1.0.3
      mdast-util-gfm-table: 1.0.7
      mdast-util-gfm-task-list-item: 1.0.2
      mdast-util-to-markdown: 1.5.0
    transitivePeerDependencies:
      - supports-color
    dev: false

  /mdast-util-mdx-expression@1.3.2:
    resolution: {integrity: sha512-xIPmR5ReJDu/DHH1OoIT1HkuybIfRGYRywC+gJtI7qHjCJp/M9jrmBEJW22O8lskDWm562BX2W8TiAwRTb0rKA==}
    dependencies:
      '@types/estree-jsx': 1.0.2
      '@types/hast': 2.3.7
      '@types/mdast': 3.0.14
      mdast-util-from-markdown: 1.3.1
      mdast-util-to-markdown: 1.5.0
    transitivePeerDependencies:
      - supports-color
    dev: false

  /mdast-util-mdx-jsx@1.2.0:
    resolution: {integrity: sha512-5+ot/kfxYd3ChgEMwsMUO71oAfYjyRI3pADEK4I7xTmWLGQ8Y7ghm1CG36zUoUvDPxMlIYwQV/9DYHAUWdG4dA==}
    dependencies:
      '@types/estree-jsx': 0.0.1
      '@types/mdast': 3.0.14
      mdast-util-to-markdown: 1.5.0
      parse-entities: 4.0.1
      stringify-entities: 4.0.3
      unist-util-remove-position: 4.0.2
      unist-util-stringify-position: 3.0.3
      vfile-message: 3.1.4
    dev: false

  /mdast-util-mdx@1.1.0:
    resolution: {integrity: sha512-leKb9uG7laXdyFlTleYV4ZEaCpsxeU1LlkkR/xp35pgKrfV1Y0fNCuOw9vaRc2a9YDpH22wd145Wt7UY5yzeZw==}
    dependencies:
      mdast-util-mdx-expression: 1.3.2
      mdast-util-mdx-jsx: 1.2.0
      mdast-util-mdxjs-esm: 1.3.1
    transitivePeerDependencies:
      - supports-color
    dev: false

  /mdast-util-mdxjs-esm@1.3.1:
    resolution: {integrity: sha512-SXqglS0HrEvSdUEfoXFtcg7DRl7S2cwOXc7jkuusG472Mmjag34DUDeOJUZtl+BVnyeO1frIgVpHlNRWc2gk/w==}
    dependencies:
      '@types/estree-jsx': 1.0.2
      '@types/hast': 2.3.7
      '@types/mdast': 3.0.14
      mdast-util-from-markdown: 1.3.1
      mdast-util-to-markdown: 1.5.0
    transitivePeerDependencies:
      - supports-color
    dev: false

  /mdast-util-phrasing@3.0.1:
    resolution: {integrity: sha512-WmI1gTXUBJo4/ZmSk79Wcb2HcjPJBzM1nlI/OUWA8yk2X9ik3ffNbBGsU+09BFmXaL1IBb9fiuvq6/KMiNycSg==}
    dependencies:
      '@types/mdast': 3.0.14
      unist-util-is: 5.2.1
    dev: false

  /mdast-util-to-markdown@1.5.0:
    resolution: {integrity: sha512-bbv7TPv/WC49thZPg3jXuqzuvI45IL2EVAr/KxF0BSdHsU0ceFHOmwQn6evxAh1GaoK/6GQ1wp4R4oW2+LFL/A==}
    dependencies:
      '@types/mdast': 3.0.14
      '@types/unist': 2.0.9
      longest-streak: 3.1.0
      mdast-util-phrasing: 3.0.1
      mdast-util-to-string: 3.2.0
      micromark-util-decode-string: 1.1.0
      unist-util-visit: 4.1.2
      zwitch: 2.0.4
    dev: false

  /mdast-util-to-string@3.2.0:
    resolution: {integrity: sha512-V4Zn/ncyN1QNSqSBxTrMOLpjr+IKdHl2v3KVLoWmDPscP4r9GcCi71gjgvUV1SFSKh92AjAG4peFuBl2/YgCJg==}
    dependencies:
      '@types/mdast': 3.0.14
    dev: false

  /micromark-core-commonmark@1.1.0:
    resolution: {integrity: sha512-BgHO1aRbolh2hcrzL2d1La37V0Aoz73ymF8rAcKnohLy93titmv62E0gP8Hrx9PKcKrqCZ1BbLGbP3bEhoXYlw==}
    dependencies:
      decode-named-character-reference: 1.0.2
      micromark-factory-destination: 1.1.0
      micromark-factory-label: 1.1.0
      micromark-factory-space: 1.1.0
      micromark-factory-title: 1.1.0
      micromark-factory-whitespace: 1.1.0
      micromark-util-character: 1.2.0
      micromark-util-chunked: 1.1.0
      micromark-util-classify-character: 1.1.0
      micromark-util-html-tag-name: 1.2.0
      micromark-util-normalize-identifier: 1.1.0
      micromark-util-resolve-all: 1.1.0
      micromark-util-subtokenize: 1.1.0
      micromark-util-symbol: 1.1.0
      micromark-util-types: 1.1.0
      uvu: 0.5.6
    dev: false

  /micromark-extension-frontmatter@1.1.1:
    resolution: {integrity: sha512-m2UH9a7n3W8VAH9JO9y01APpPKmNNNs71P0RbknEmYSaZU5Ghogv38BYO94AI5Xw6OYfxZRdHZZ2nYjs/Z+SZQ==}
    dependencies:
      fault: 2.0.1
      micromark-util-character: 1.2.0
      micromark-util-symbol: 1.1.0
      micromark-util-types: 1.1.0
    dev: false

  /micromark-extension-gfm-autolink-literal@1.0.5:
    resolution: {integrity: sha512-z3wJSLrDf8kRDOh2qBtoTRD53vJ+CWIyo7uyZuxf/JAbNJjiHsOpG1y5wxk8drtv3ETAHutCu6N3thkOOgueWg==}
    dependencies:
      micromark-util-character: 1.2.0
      micromark-util-sanitize-uri: 1.2.0
      micromark-util-symbol: 1.1.0
      micromark-util-types: 1.1.0
    dev: false

  /micromark-extension-gfm-footnote@1.1.2:
    resolution: {integrity: sha512-Yxn7z7SxgyGWRNa4wzf8AhYYWNrwl5q1Z8ii+CSTTIqVkmGZF1CElX2JI8g5yGoM3GAman9/PVCUFUSJ0kB/8Q==}
    dependencies:
      micromark-core-commonmark: 1.1.0
      micromark-factory-space: 1.1.0
      micromark-util-character: 1.2.0
      micromark-util-normalize-identifier: 1.1.0
      micromark-util-sanitize-uri: 1.2.0
      micromark-util-symbol: 1.1.0
      micromark-util-types: 1.1.0
      uvu: 0.5.6
    dev: false

  /micromark-extension-gfm-strikethrough@1.0.7:
    resolution: {integrity: sha512-sX0FawVE1o3abGk3vRjOH50L5TTLr3b5XMqnP9YDRb34M0v5OoZhG+OHFz1OffZ9dlwgpTBKaT4XW/AsUVnSDw==}
    dependencies:
      micromark-util-chunked: 1.1.0
      micromark-util-classify-character: 1.1.0
      micromark-util-resolve-all: 1.1.0
      micromark-util-symbol: 1.1.0
      micromark-util-types: 1.1.0
      uvu: 0.5.6
    dev: false

  /micromark-extension-gfm-table@1.0.7:
    resolution: {integrity: sha512-3ZORTHtcSnMQEKtAOsBQ9/oHp9096pI/UvdPtN7ehKvrmZZ2+bbWhi0ln+I9drmwXMt5boocn6OlwQzNXeVeqw==}
    dependencies:
      micromark-factory-space: 1.1.0
      micromark-util-character: 1.2.0
      micromark-util-symbol: 1.1.0
      micromark-util-types: 1.1.0
      uvu: 0.5.6
    dev: false

  /micromark-extension-gfm-tagfilter@1.0.2:
    resolution: {integrity: sha512-5XWB9GbAUSHTn8VPU8/1DBXMuKYT5uOgEjJb8gN3mW0PNW5OPHpSdojoqf+iq1xo7vWzw/P8bAHY0n6ijpXF7g==}
    dependencies:
      micromark-util-types: 1.1.0
    dev: false

  /micromark-extension-gfm-task-list-item@1.0.5:
    resolution: {integrity: sha512-RMFXl2uQ0pNQy6Lun2YBYT9g9INXtWJULgbt01D/x8/6yJ2qpKyzdZD3pi6UIkzF++Da49xAelVKUeUMqd5eIQ==}
    dependencies:
      micromark-factory-space: 1.1.0
      micromark-util-character: 1.2.0
      micromark-util-symbol: 1.1.0
      micromark-util-types: 1.1.0
      uvu: 0.5.6
    dev: false

  /micromark-extension-gfm@2.0.3:
    resolution: {integrity: sha512-vb9OoHqrhCmbRidQv/2+Bc6pkP0FrtlhurxZofvOEy5o8RtuuvTq+RQ1Vw5ZDNrVraQZu3HixESqbG+0iKk/MQ==}
    dependencies:
      micromark-extension-gfm-autolink-literal: 1.0.5
      micromark-extension-gfm-footnote: 1.1.2
      micromark-extension-gfm-strikethrough: 1.0.7
      micromark-extension-gfm-table: 1.0.7
      micromark-extension-gfm-tagfilter: 1.0.2
      micromark-extension-gfm-task-list-item: 1.0.5
      micromark-util-combine-extensions: 1.1.0
      micromark-util-types: 1.1.0
    dev: false

  /micromark-extension-mdx-expression@1.0.8:
    resolution: {integrity: sha512-zZpeQtc5wfWKdzDsHRBY003H2Smg+PUi2REhqgIhdzAa5xonhP03FcXxqFSerFiNUr5AWmHpaNPQTBVOS4lrXw==}
    dependencies:
      '@types/estree': 1.0.3
      micromark-factory-mdx-expression: 1.0.9
      micromark-factory-space: 1.1.0
      micromark-util-character: 1.2.0
      micromark-util-events-to-acorn: 1.2.3
      micromark-util-symbol: 1.1.0
      micromark-util-types: 1.1.0
      uvu: 0.5.6
    dev: false

  /micromark-extension-mdx-jsx@1.0.5:
    resolution: {integrity: sha512-gPH+9ZdmDflbu19Xkb8+gheqEDqkSpdCEubQyxuz/Hn8DOXiXvrXeikOoBA71+e8Pfi0/UYmU3wW3H58kr7akA==}
    dependencies:
      '@types/acorn': 4.0.6
      '@types/estree': 1.0.3
      estree-util-is-identifier-name: 2.1.0
      micromark-factory-mdx-expression: 1.0.9
      micromark-factory-space: 1.1.0
      micromark-util-character: 1.2.0
      micromark-util-symbol: 1.1.0
      micromark-util-types: 1.1.0
      uvu: 0.5.6
      vfile-message: 3.1.4
    dev: false

  /micromark-extension-mdx-md@1.0.1:
    resolution: {integrity: sha512-7MSuj2S7xjOQXAjjkbjBsHkMtb+mDGVW6uI2dBL9snOBCbZmoNgDAeZ0nSn9j3T42UE/g2xVNMn18PJxZvkBEA==}
    dependencies:
      micromark-util-types: 1.1.0
    dev: false

  /micromark-extension-mdx@1.0.1:
    resolution: {integrity: sha512-bfKGK9OmHFijSvyg+Dp6+EIVbwPL5lCPNMKEFnU2VROnUJR4MXlixmYhbf83YNdqYBQ4X+X0PJgeRIlMUAPRpQ==}
    dependencies:
      micromark-extension-mdx-expression: 1.0.8
      micromark-extension-mdx-jsx: 1.0.5
      micromark-extension-mdx-md: 1.0.1
      micromark-util-combine-extensions: 1.1.0
      micromark-util-types: 1.1.0
    dev: false

  /micromark-factory-destination@1.1.0:
    resolution: {integrity: sha512-XaNDROBgx9SgSChd69pjiGKbV+nfHGDPVYFs5dOoDd7ZnMAE+Cuu91BCpsY8RT2NP9vo/B8pds2VQNCLiu0zhg==}
    dependencies:
      micromark-util-character: 1.2.0
      micromark-util-symbol: 1.1.0
      micromark-util-types: 1.1.0
    dev: false

  /micromark-factory-label@1.1.0:
    resolution: {integrity: sha512-OLtyez4vZo/1NjxGhcpDSbHQ+m0IIGnT8BoPamh+7jVlzLJBH98zzuCoUeMxvM6WsNeh8wx8cKvqLiPHEACn0w==}
    dependencies:
      micromark-util-character: 1.2.0
      micromark-util-symbol: 1.1.0
      micromark-util-types: 1.1.0
      uvu: 0.5.6
    dev: false

  /micromark-factory-mdx-expression@1.0.9:
    resolution: {integrity: sha512-jGIWzSmNfdnkJq05c7b0+Wv0Kfz3NJ3N4cBjnbO4zjXIlxJr+f8lk+5ZmwFvqdAbUy2q6B5rCY//g0QAAaXDWA==}
    dependencies:
      '@types/estree': 1.0.3
      micromark-util-character: 1.2.0
      micromark-util-events-to-acorn: 1.2.3
      micromark-util-symbol: 1.1.0
      micromark-util-types: 1.1.0
      unist-util-position-from-estree: 1.1.2
      uvu: 0.5.6
      vfile-message: 3.1.4
    dev: false

  /micromark-factory-space@1.1.0:
    resolution: {integrity: sha512-cRzEj7c0OL4Mw2v6nwzttyOZe8XY/Z8G0rzmWQZTBi/jjwyw/U4uqKtUORXQrR5bAZZnbTI/feRV/R7hc4jQYQ==}
    dependencies:
      micromark-util-character: 1.2.0
      micromark-util-types: 1.1.0
    dev: false

  /micromark-factory-title@1.1.0:
    resolution: {integrity: sha512-J7n9R3vMmgjDOCY8NPw55jiyaQnH5kBdV2/UXCtZIpnHH3P6nHUKaH7XXEYuWwx/xUJcawa8plLBEjMPU24HzQ==}
    dependencies:
      micromark-factory-space: 1.1.0
      micromark-util-character: 1.2.0
      micromark-util-symbol: 1.1.0
      micromark-util-types: 1.1.0
    dev: false

  /micromark-factory-whitespace@1.1.0:
    resolution: {integrity: sha512-v2WlmiymVSp5oMg+1Q0N1Lxmt6pMhIHD457whWM7/GUlEks1hI9xj5w3zbc4uuMKXGisksZk8DzP2UyGbGqNsQ==}
    dependencies:
      micromark-factory-space: 1.1.0
      micromark-util-character: 1.2.0
      micromark-util-symbol: 1.1.0
      micromark-util-types: 1.1.0
    dev: false

  /micromark-util-character@1.2.0:
    resolution: {integrity: sha512-lXraTwcX3yH/vMDaFWCQJP1uIszLVebzUa3ZHdrgxr7KEU/9mL4mVgCpGbyhvNLNlauROiNUq7WN5u7ndbY6xg==}
    dependencies:
      micromark-util-symbol: 1.1.0
      micromark-util-types: 1.1.0
    dev: false

  /micromark-util-chunked@1.1.0:
    resolution: {integrity: sha512-Ye01HXpkZPNcV6FiyoW2fGZDUw4Yc7vT0E9Sad83+bEDiCJ1uXu0S3mr8WLpsz3HaG3x2q0HM6CTuPdcZcluFQ==}
    dependencies:
      micromark-util-symbol: 1.1.0
    dev: false

  /micromark-util-classify-character@1.1.0:
    resolution: {integrity: sha512-SL0wLxtKSnklKSUplok1WQFoGhUdWYKggKUiqhX+Swala+BtptGCu5iPRc+xvzJ4PXE/hwM3FNXsfEVgoZsWbw==}
    dependencies:
      micromark-util-character: 1.2.0
      micromark-util-symbol: 1.1.0
      micromark-util-types: 1.1.0
    dev: false

  /micromark-util-combine-extensions@1.1.0:
    resolution: {integrity: sha512-Q20sp4mfNf9yEqDL50WwuWZHUrCO4fEyeDCnMGmG5Pr0Cz15Uo7KBs6jq+dq0EgX4DPwwrh9m0X+zPV1ypFvUA==}
    dependencies:
      micromark-util-chunked: 1.1.0
      micromark-util-types: 1.1.0
    dev: false

  /micromark-util-decode-numeric-character-reference@1.1.0:
    resolution: {integrity: sha512-m9V0ExGv0jB1OT21mrWcuf4QhP46pH1KkfWy9ZEezqHKAxkj4mPCy3nIH1rkbdMlChLHX531eOrymlwyZIf2iw==}
    dependencies:
      micromark-util-symbol: 1.1.0
    dev: false

  /micromark-util-decode-string@1.1.0:
    resolution: {integrity: sha512-YphLGCK8gM1tG1bd54azwyrQRjCFcmgj2S2GoJDNnh4vYtnL38JS8M4gpxzOPNyHdNEpheyWXCTnnTDY3N+NVQ==}
    dependencies:
      decode-named-character-reference: 1.0.2
      micromark-util-character: 1.2.0
      micromark-util-decode-numeric-character-reference: 1.1.0
      micromark-util-symbol: 1.1.0
    dev: false

  /micromark-util-encode@1.1.0:
    resolution: {integrity: sha512-EuEzTWSTAj9PA5GOAs992GzNh2dGQO52UvAbtSOMvXTxv3Criqb6IOzJUBCmEqrrXSblJIJBbFFv6zPxpreiJw==}
    dev: false

  /micromark-util-events-to-acorn@1.2.3:
    resolution: {integrity: sha512-ij4X7Wuc4fED6UoLWkmo0xJQhsktfNh1J0m8g4PbIMPlx+ek/4YdW5mvbye8z/aZvAPUoxgXHrwVlXAPKMRp1w==}
    dependencies:
      '@types/acorn': 4.0.6
      '@types/estree': 1.0.3
      '@types/unist': 2.0.9
      estree-util-visit: 1.2.1
      micromark-util-symbol: 1.1.0
      micromark-util-types: 1.1.0
      uvu: 0.5.6
      vfile-message: 3.1.4
    dev: false

  /micromark-util-html-tag-name@1.2.0:
    resolution: {integrity: sha512-VTQzcuQgFUD7yYztuQFKXT49KghjtETQ+Wv/zUjGSGBioZnkA4P1XXZPT1FHeJA6RwRXSF47yvJ1tsJdoxwO+Q==}
    dev: false

  /micromark-util-normalize-identifier@1.1.0:
    resolution: {integrity: sha512-N+w5vhqrBihhjdpM8+5Xsxy71QWqGn7HYNUvch71iV2PM7+E3uWGox1Qp90loa1ephtCxG2ftRV/Conitc6P2Q==}
    dependencies:
      micromark-util-symbol: 1.1.0
    dev: false

  /micromark-util-resolve-all@1.1.0:
    resolution: {integrity: sha512-b/G6BTMSg+bX+xVCshPTPyAu2tmA0E4X98NSR7eIbeC6ycCqCeE7wjfDIgzEbkzdEVJXRtOG4FbEm/uGbCRouA==}
    dependencies:
      micromark-util-types: 1.1.0
    dev: false

  /micromark-util-sanitize-uri@1.2.0:
    resolution: {integrity: sha512-QO4GXv0XZfWey4pYFndLUKEAktKkG5kZTdUNaTAkzbuJxn2tNBOr+QtxR2XpWaMhbImT2dPzyLrPXLlPhph34A==}
    dependencies:
      micromark-util-character: 1.2.0
      micromark-util-encode: 1.1.0
      micromark-util-symbol: 1.1.0
    dev: false

  /micromark-util-subtokenize@1.1.0:
    resolution: {integrity: sha512-kUQHyzRoxvZO2PuLzMt2P/dwVsTiivCK8icYTeR+3WgbuPqfHgPPy7nFKbeqRivBvn/3N3GBiNC+JRTMSxEC7A==}
    dependencies:
      micromark-util-chunked: 1.1.0
      micromark-util-symbol: 1.1.0
      micromark-util-types: 1.1.0
      uvu: 0.5.6
    dev: false

  /micromark-util-symbol@1.1.0:
    resolution: {integrity: sha512-uEjpEYY6KMs1g7QfJ2eX1SQEV+ZT4rUD3UcF6l57acZvLNK7PBZL+ty82Z1qhK1/yXIY4bdx04FKMgR0g4IAag==}
    dev: false

  /micromark-util-types@1.1.0:
    resolution: {integrity: sha512-ukRBgie8TIAcacscVHSiddHjO4k/q3pnedmzMQ4iwDcK0FtFCohKOlFbaOL/mPgfnPsL3C1ZyxJa4sbWrBl3jg==}
    dev: false

  /micromark@3.2.0:
    resolution: {integrity: sha512-uD66tJj54JLYq0De10AhWycZWGQNUvDI55xPgk2sQM5kn1JYlhbCMTtEeT27+vAhW2FBQxLlOmS3pmA7/2z4aA==}
    dependencies:
      '@types/debug': 4.1.10
      debug: 4.3.4
      decode-named-character-reference: 1.0.2
      micromark-core-commonmark: 1.1.0
      micromark-factory-space: 1.1.0
      micromark-util-character: 1.2.0
      micromark-util-chunked: 1.1.0
      micromark-util-combine-extensions: 1.1.0
      micromark-util-decode-numeric-character-reference: 1.1.0
      micromark-util-encode: 1.1.0
      micromark-util-normalize-identifier: 1.1.0
      micromark-util-resolve-all: 1.1.0
      micromark-util-sanitize-uri: 1.2.0
      micromark-util-subtokenize: 1.1.0
      micromark-util-symbol: 1.1.0
      micromark-util-types: 1.1.0
      uvu: 0.5.6
    transitivePeerDependencies:
      - supports-color
    dev: false

  /mri@1.2.0:
    resolution: {integrity: sha512-tzzskb3bG8LvYGFF/mDTpq3jpI6Q9wc3LEmBaghu+DdCssd1FakN7Bc0hVNmEyGq1bq3RgfkCb3cmQLpNPOroA==}
    engines: {node: '>=4'}
    dev: false

  /ms@2.1.2:
    resolution: {integrity: sha512-sGkPx+VjMtmA6MX27oA4FBFELFCZZ4S4XqeGOXCv68tT+jb3vk/RyaKWP0PTKyWtmLSM0b+adUTEvbs1PEaH2w==}
    dev: false

  /nlcst-to-string@3.1.1:
    resolution: {integrity: sha512-63mVyqaqt0cmn2VcI2aH6kxe1rLAmSROqHMA0i4qqg1tidkfExgpb0FGMikMCn86mw5dFtBtEANfmSSK7TjNHw==}
    dependencies:
      '@types/nlcst': 1.0.3
    dev: false

  /parse-entities@4.0.1:
    resolution: {integrity: sha512-SWzvYcSJh4d/SGLIOQfZ/CoNv6BTlI6YEQ7Nj82oDVnRpwe/Z/F1EMx42x3JAOwGBlCjeCH0BRJQbQ/opHL17w==}
    dependencies:
      '@types/unist': 2.0.9
      character-entities: 2.0.2
      character-entities-legacy: 3.0.0
      character-reference-invalid: 2.0.1
      decode-named-character-reference: 1.0.2
      is-alphanumerical: 2.0.1
      is-decimal: 2.0.1
      is-hexadecimal: 2.0.1
    dev: false

  /parse-latin@5.0.1:
    resolution: {integrity: sha512-b/K8ExXaWC9t34kKeDV8kGXBkXZ1HCSAZRYE7HR14eA1GlXX5L8iWhs8USJNhQU9q5ci413jCKF0gOyovvyRBg==}
    dependencies:
      nlcst-to-string: 3.1.1
      unist-util-modify-children: 3.1.1
      unist-util-visit-children: 2.0.2
    dev: false

  /prettier@2.8.8:
    resolution: {integrity: sha512-tdN8qQGvNjw4CHbY+XXk0JgCXn9QiF21a55rBe5LJAU+kDyC4WQn4+awm2Xfk2lQMk5fKup9XgzTZtGkjBdP9Q==}
    engines: {node: '>=10.13.0'}
    hasBin: true
    dev: false

  /remark-comment@1.0.0:
    resolution: {integrity: sha512-k8YPo5MGvl8l4gGxOH6Zk4Fa2AhDACN5eqKnKZcHDORZQS15hlnezlBHj2lqyDiqzApNmYOMTibkEJbMSKU25w==}
    dependencies:
      micromark-factory-space: 1.1.0
      micromark-util-character: 1.2.0
      micromark-util-symbol: 1.1.0
    dev: false

  /remark-frontmatter@4.0.1:
    resolution: {integrity: sha512-38fJrB0KnmD3E33a5jZC/5+gGAC2WKNiPw1/fdXJvijBlhA7RCsvJklrYJakS0HedninvaCYW8lQGf9C918GfA==}
    dependencies:
      '@types/mdast': 3.0.14
      mdast-util-frontmatter: 1.0.1
      micromark-extension-frontmatter: 1.1.1
      unified: 10.1.2
    dev: false

  /remark-gfm@3.0.1:
    resolution: {integrity: sha512-lEFDoi2PICJyNrACFOfDD3JlLkuSbOa5Wd8EPt06HUdptv8Gn0bxYTdbU/XXQ3swAPkEaGxxPN9cbnMHvVu1Ig==}
    dependencies:
      '@types/mdast': 3.0.14
      mdast-util-gfm: 2.0.2
      micromark-extension-gfm: 2.0.3
      unified: 10.1.2
    transitivePeerDependencies:
      - supports-color
    dev: false

  /remark-parse@10.0.2:
    resolution: {integrity: sha512-3ydxgHa/ZQzG8LvC7jTXccARYDcRld3VfcgIIFs7bI6vbRSxJJmzgLEIIoYKyrfhaY+ujuWaf/PJiMZXoiCXgw==}
    dependencies:
      '@types/mdast': 3.0.14
      mdast-util-from-markdown: 1.3.1
      unified: 10.1.2
    transitivePeerDependencies:
      - supports-color
    dev: false

  /retext-latin@3.1.0:
    resolution: {integrity: sha512-5MrD1tuebzO8ppsja5eEu+ZbBeUNCjoEarn70tkXOS7Bdsdf6tNahsv2bY0Z8VooFF6cw7/6S+d3yI/TMlMVVQ==}
    dependencies:
      '@types/nlcst': 1.0.3
      parse-latin: 5.0.1
      unherit: 3.0.1
      unified: 10.1.2
    dev: false

  /retext-smartypants@5.2.0:
    resolution: {integrity: sha512-Do8oM+SsjrbzT2UNIKgheP0hgUQTDDQYyZaIY3kfq0pdFzoPk+ZClYJ+OERNXveog4xf1pZL4PfRxNoVL7a/jw==}
    dependencies:
      '@types/nlcst': 1.0.3
      nlcst-to-string: 3.1.1
      unified: 10.1.2
      unist-util-visit: 4.1.2
    dev: false

  /retext-stringify@3.1.0:
    resolution: {integrity: sha512-767TLOaoXFXyOnjx/EggXlb37ZD2u4P1n0GJqVdpipqACsQP+20W+BNpMYrlJkq7hxffnFk+jc6mAK9qrbuB8w==}
    dependencies:
      '@types/nlcst': 1.0.3
      nlcst-to-string: 3.1.1
      unified: 10.1.2
    dev: false

  /retext@8.1.0:
    resolution: {integrity: sha512-N9/Kq7YTn6ZpzfiGW45WfEGJqFf1IM1q8OsRa1CGzIebCJBNCANDRmOrholiDRGKo/We7ofKR4SEvcGAWEMD3Q==}
    dependencies:
      '@types/nlcst': 1.0.3
      retext-latin: 3.1.0
      retext-stringify: 3.1.0
      unified: 10.1.2
    dev: false

  /sade@1.8.1:
    resolution: {integrity: sha512-xal3CZX1Xlo/k4ApwCFrHVACi9fBqJ7V+mwhBsuf/1IOKbBy098Fex+Wa/5QMubw09pSZ/u8EY8PWgevJsXp1A==}
    engines: {node: '>=6'}
    dependencies:
      mri: 1.2.0
    dev: false

  /shiki@0.10.1:
    resolution: {integrity: sha512-VsY7QJVzU51j5o1+DguUd+6vmCmZ5v/6gYu4vyYAhzjuNQU6P/vmSy4uQaOhvje031qQMiW0d2BwgMH52vqMng==}
    dependencies:
      jsonc-parser: 3.2.0
      vscode-oniguruma: 1.7.0
      vscode-textmate: 5.2.0
    dev: false

  /stringify-entities@4.0.3:
    resolution: {integrity: sha512-BP9nNHMhhfcMbiuQKCqMjhDP5yBCAxsPu4pHFFzJ6Alo9dZgY4VLDPutXqIjpRiMoKdp7Av85Gr73Q5uH9k7+g==}
    dependencies:
      character-entities-html4: 2.1.0
      character-entities-legacy: 3.0.0
    dev: false

  /trough@2.1.0:
    resolution: {integrity: sha512-AqTiAOLcj85xS7vQ8QkAV41hPDIJ71XJB4RCUrzo/1GM2CQwhkJGaf9Hgr7BOugMRpgGUrqRg/DrBDl4H40+8g==}
    dev: false

  /unherit@3.0.1:
    resolution: {integrity: sha512-akOOQ/Yln8a2sgcLj4U0Jmx0R5jpIg2IUyRrWOzmEbjBtGzBdHtSeFKgoEcoH4KYIG/Pb8GQ/BwtYm0GCq1Sqg==}
    dev: false

  /unified@10.1.2:
    resolution: {integrity: sha512-pUSWAi/RAnVy1Pif2kAoeWNBa3JVrx0MId2LASj8G+7AiHWoKZNTomq6LG326T68U7/e263X6fTdcXIy7XnF7Q==}
    dependencies:
      '@types/unist': 2.0.9
      bail: 2.0.2
      extend: 3.0.2
      is-buffer: 2.0.5
      is-plain-obj: 4.1.0
      trough: 2.1.0
      vfile: 5.3.7
    dev: false

  /unist-util-is@5.2.1:
    resolution: {integrity: sha512-u9njyyfEh43npf1M+yGKDGVPbY/JWEemg5nH05ncKPfi+kBbKBJoTdsogMu33uhytuLlv9y0O7GH7fEdwLdLQw==}
    dependencies:
      '@types/unist': 2.0.9
    dev: false

  /unist-util-modify-children@3.1.1:
    resolution: {integrity: sha512-yXi4Lm+TG5VG+qvokP6tpnk+r1EPwyYL04JWDxLvgvPV40jANh7nm3udk65OOWquvbMDe+PL9+LmkxDpTv/7BA==}
    dependencies:
      '@types/unist': 2.0.9
      array-iterate: 2.0.1
    dev: false

  /unist-util-position-from-estree@1.1.2:
    resolution: {integrity: sha512-poZa0eXpS+/XpoQwGwl79UUdea4ol2ZuCYguVaJS4qzIOMDzbqz8a3erUCOmubSZkaOuGamb3tX790iwOIROww==}
    dependencies:
      '@types/unist': 2.0.9
    dev: false

  /unist-util-remove-position@4.0.2:
    resolution: {integrity: sha512-TkBb0HABNmxzAcfLf4qsIbFbaPDvMO6wa3b3j4VcEzFVaw1LBKwnW4/sRJ/atSLSzoIg41JWEdnE7N6DIhGDGQ==}
    dependencies:
      '@types/unist': 2.0.9
      unist-util-visit: 4.1.2
    dev: false

  /unist-util-stringify-position@3.0.3:
    resolution: {integrity: sha512-k5GzIBZ/QatR8N5X2y+drfpWG8IDBzdnVj6OInRNWm1oXrzydiaAT2OQiA8DPRRZyAKb9b6I2a6PxYklZD0gKg==}
    dependencies:
      '@types/unist': 2.0.9
    dev: false

  /unist-util-visit-children@2.0.2:
    resolution: {integrity: sha512-+LWpMFqyUwLGpsQxpumsQ9o9DG2VGLFrpz+rpVXYIEdPy57GSy5HioC0g3bg/8WP9oCLlapQtklOzQ8uLS496Q==}
    dependencies:
      '@types/unist': 2.0.9
    dev: false

  /unist-util-visit-parents@5.1.3:
    resolution: {integrity: sha512-x6+y8g7wWMyQhL1iZfhIPhDAs7Xwbn9nRosDXl7qoPTSCy0yNxnKc+hWokFifWQIDGi154rdUqKvbCa4+1kLhg==}
    dependencies:
      '@types/unist': 2.0.9
      unist-util-is: 5.2.1
    dev: false

  /unist-util-visit@4.1.2:
    resolution: {integrity: sha512-MSd8OUGISqHdVvfY9TPhyK2VdUrPgxkUtWSuMHF6XAAFuL4LokseigBnZtPnJMu+FbynTkFNnFlyjxpVKujMRg==}
    dependencies:
      '@types/unist': 2.0.9
      unist-util-is: 5.2.1
      unist-util-visit-parents: 5.1.3
    dev: false

  /uvu@0.5.6:
    resolution: {integrity: sha512-+g8ENReyr8YsOc6fv/NVJs2vFdHBnBNdfE49rshrTzDWOlUx4Gq7KOS2GD8eqhy2j+Ejq29+SbKH8yjkAqXqoA==}
    engines: {node: '>=8'}
    hasBin: true
    dependencies:
      dequal: 2.0.3
      diff: 5.1.0
      kleur: 4.1.5
      sade: 1.8.1
    dev: false

  /vfile-message@3.1.4:
    resolution: {integrity: sha512-fa0Z6P8HUrQN4BZaX05SIVXic+7kE3b05PWAtPuYP9QLHsLKYR7/AlLW3NtOrpXRLeawpDLMsVkmk5DG0NXgWw==}
    dependencies:
      '@types/unist': 2.0.9
      unist-util-stringify-position: 3.0.3
    dev: false

  /vfile@5.3.7:
    resolution: {integrity: sha512-r7qlzkgErKjobAmyNIkkSpizsFPYiUPuJb5pNW1RB4JcYVZhs4lIbVqk8XPk033CV/1z8ss5pkax8SuhGpcG8g==}
    dependencies:
      '@types/unist': 2.0.9
      is-buffer: 2.0.5
      unist-util-stringify-position: 3.0.3
      vfile-message: 3.1.4
    dev: false

  /vscode-oniguruma@1.7.0:
    resolution: {integrity: sha512-L9WMGRfrjOhgHSdOYgCt/yRMsXzLDJSL7BPrOZt73gU0iWO4mpqzqQzOz5srxqTvMBaR0XZTSrVWo4j55Rc6cA==}
    dev: false

  /vscode-textmate@5.2.0:
    resolution: {integrity: sha512-Uw5ooOQxRASHgu6C7GVvUxisKXfSgW4oFlO+aa+PAkgmH89O3CXxEEzNRNtHSqtXFTl0nAC1uYj0GMSH27uwtQ==}
    dev: false

  /yaml@1.10.2:
    resolution: {integrity: sha512-r3vXyErRCYJ7wg28yvBY5VSoAF8ZvlcW9/BwUzEtUsjvX/DKs24dIkuwjtuprwJJHsbyUbLApepYTR1BN4uHrg==}
    engines: {node: '>= 6'}
    dev: false

  /zwitch@2.0.4:
    resolution: {integrity: sha512-bXE4cR/kVZhKZX/RjPEflHaKVhUVl85noU3v6b8apfQEc1x4A+zBxjZ4lN8LqGd6WZ3dl98pY4o717VFmoPp+A==}
    dev: false
